
Microsoft Visual Studio Solution File, Format Version 11.00
# Visual Studio 2010
Project("{FAE04EC0-301F-11D3-BF4B-00C04F79EFBC}") = "RelA.WebUI", "RelA.WebUI\RelA.WebUI.csproj", "{1F53959F-1D35-4AE2-84C2-10063D620176}"
EndProject
Project("{FAE04EC0-301F-11D3-BF4B-00C04F79EFBC}") = "RelA.Domain", "RelA.Domain\RelA.Domain.csproj", "{F4FF1814-D6F4-4D0F-AB79-2EEB7F0D9C0C}"
EndProject
Project("{FAE04EC0-301F-11D3-BF4B-00C04F79EFBC}") = "RelA.Test", "RelA.Test\RelA.Test.csproj", "{0F15B58F-1EBF-410B-8C7F-8BF46A6A395E}"
EndProject
Project("{2150E333-8FDC-42A3-9474-1A3956D46DE8}") = "Solution Items", "Solution Items", "{4F50781F-F135-46AA-BE46-CA05058E717B}"
	ProjectSection(SolutionItems) = preProject
		Local.testsettings = Local.testsettings
		RelA.vsmdi = RelA.vsmdi
		TraceAndTestImpact.testsettings = TraceAndTestImpact.testsettings
	EndProjectSection
EndProject
Global
	GlobalSection(TestCaseManagementSettings) = postSolution
		CategoryFile = RelA.vsmdi
	EndGlobalSection
	GlobalSection(SolutionConfigurationPlatforms) = preSolution
		Debug|Any CPU = Debug|Any CPU
		Release|Any CPU = Release|Any CPU
	EndGlobalSection
	GlobalSection(ProjectConfigurationPlatforms) = postSolution
		{1F53959F-1D35-4AE2-84C2-10063D620176}.Debug|Any CPU.ActiveCfg = Debug|Any CPU
		{1F53959F-1D35-4AE2-84C2-10063D620176}.Debug|Any CPU.Build.0 = Debug|Any CPU
		{1F53959F-1D35-4AE2-84C2-10063D620176}.Release|Any CPU.ActiveCfg = Release|Any CPU
		{1F53959F-1D35-4AE2-84C2-10063D620176}.Release|Any CPU.Build.0 = Release|Any CPU
		{F4FF1814-D6F4-4D0F-AB79-2EEB7F0D9C0C}.Debug|Any CPU.ActiveCfg = Debug|Any CPU
		{F4FF1814-D6F4-4D0F-AB79-2EEB7F0D9C0C}.Debug|Any CPU.Build.0 = Debug|Any CPU
		{F4FF1814-D6F4-4D0F-AB79-2EEB7F0D9C0C}.Release|Any CPU.ActiveCfg = Release|Any CPU
		{F4FF1814-D6F4-4D0F-AB79-2EEB7F0D9C0C}.Release|Any CPU.Build.0 = Release|Any CPU
		{0F15B58F-1EBF-410B-8C7F-8BF46A6A395E}.Debug|Any CPU.ActiveCfg = Debug|Any CPU
		{0F15B58F-1EBF-410B-8C7F-8BF46A6A395E}.Debug|Any CPU.Build.0 = Debug|Any CPU
		{0F15B58F-1EBF-410B-8C7F-8BF46A6A395E}.Release|Any CPU.ActiveCfg = Release|Any CPU
		{0F15B58F-1EBF-410B-8C7F-8BF46A6A395E}.Release|Any CPU.Build.0 = Release|Any CPU
	EndGlobalSection
	GlobalSection(SolutionProperties) = preSolution
		HideSolutionNode = FALSE
	EndGlobalSection
EndGlobal
